
Microsoft Visual Studio Solution File, Format Version 12.00
# Visual Studio Version 17
VisualStudioVersion = 17.2.32526.322
MinimumVisualStudioVersion = 10.0.40219.1
Project("{FAE04EC0-301F-11D3-BF4B-00C04F79EFBC}") = "TryCats6", "TryCats6\TryCats6.csproj", "{EDC20406-0763-49D9-BBDE-01F05EF42EAA}"
EndProject
Project("{FAE04EC0-301F-11D3-BF4B-00C04F79EFBC}") = "DataAccessLayer", "DataAccessLayer\DataAccessLayer.csproj", "{3DEA9583-6596-4A3D-9092-6E24131572F5}"
EndProject
Project("{FAE04EC0-301F-11D3-BF4B-00C04F79EFBC}") = "BusinessLogicLayer", "BusinessLogicLayer\BusinessLogicLayer.csproj", "{2558B017-163D-4FEC-994C-792F88D7AE04}"
EndProject
Global
	GlobalSection(SolutionConfigurationPlatforms) = preSolution
		Debug|Any CPU = Debug|Any CPU
		Release|Any CPU = Release|Any CPU
	EndGlobalSection
	GlobalSection(ProjectConfigurationPlatforms) = postSolution
		{EDC20406-0763-49D9-BBDE-01F05EF42EAA}.Debug|Any CPU.ActiveCfg = Debug|Any CPU
		{EDC20406-0763-49D9-BBDE-01F05EF42EAA}.Debug|Any CPU.Build.0 = Debug|Any CPU
		{EDC20406-0763-49D9-BBDE-01F05EF42EAA}.Release|Any CPU.ActiveCfg = Release|Any CPU
		{EDC20406-0763-49D9-BBDE-01F05EF42EAA}.Release|Any CPU.Build.0 = Release|Any CPU
		{3DEA9583-6596-4A3D-9092-6E24131572F5}.Debug|Any CPU.ActiveCfg = Debug|Any CPU
		{3DEA9583-6596-4A3D-9092-6E24131572F5}.Debug|Any CPU.Build.0 = Debug|Any CPU
		{3DEA9583-6596-4A3D-9092-6E24131572F5}.Release|Any CPU.ActiveCfg = Release|Any CPU
		{3DEA9583-6596-4A3D-9092-6E24131572F5}.Release|Any CPU.Build.0 = Release|Any CPU
		{2558B017-163D-4FEC-994C-792F88D7AE04}.Debug|Any CPU.ActiveCfg = Debug|Any CPU
		{2558B017-163D-4FEC-994C-792F88D7AE04}.Debug|Any CPU.Build.0 = Debug|Any CPU
		{2558B017-163D-4FEC-994C-792F88D7AE04}.Release|Any CPU.ActiveCfg = Release|Any CPU
		{2558B017-163D-4FEC-994C-792F88D7AE04}.Release|Any CPU.Build.0 = Release|Any CPU
	EndGlobalSection
	GlobalSection(SolutionProperties) = preSolution
		HideSolutionNode = FALSE
	EndGlobalSection
	GlobalSection(ExtensibilityGlobals) = postSolution
		SolutionGuid = {ACCE6B88-E01A-449B-9863-75607F31AE6B}
	EndGlobalSection
EndGlobal
